
Microsoft Visual Studio Solution File, Format Version 12.00
# Visual Studio Version 16
VisualStudioVersion = 16.0.28803.156
MinimumVisualStudioVersion = 10.0.40219.1
Project("{9A19103F-16F7-4668-BE54-9A1E7A4F7556}") = "Todo.Api", ".\Todo.Api\Todo.Api.csproj", "{59F87ACD-A434-46B4-804A-338265441041}"
EndProject
Project("{FAE04EC0-301F-11D3-BF4B-00C04F79EFBC}") = "Todo.Data", ".\Todo.Data\Todo.Data.csproj", "{2731FBBC-04B7-469F-BFB9-D8B5B7011D8D}"
EndProject
Global
	GlobalSection(SolutionConfigurationPlatforms) = preSolution
		Debug|Any CPU = Debug|Any CPU
		Release|Any CPU = Release|Any CPU
	EndGlobalSection
	GlobalSection(ProjectConfigurationPlatforms) = postSolution
		{59F87ACD-A434-46B4-804A-338265441041}.Debug|Any CPU.ActiveCfg = Debug|Any CPU
		{59F87ACD-A434-46B4-804A-338265441041}.Debug|Any CPU.Build.0 = Debug|Any CPU
		{59F87ACD-A434-46B4-804A-338265441041}.Release|Any CPU.ActiveCfg = Release|Any CPU
		{59F87ACD-A434-46B4-804A-338265441041}.Release|Any CPU.Build.0 = Release|Any CPU
		{2731FBBC-04B7-469F-BFB9-D8B5B7011D8D}.Debug|Any CPU.ActiveCfg = Debug|Any CPU
		{2731FBBC-04B7-469F-BFB9-D8B5B7011D8D}.Debug|Any CPU.Build.0 = Debug|Any CPU
		{2731FBBC-04B7-469F-BFB9-D8B5B7011D8D}.Release|Any CPU.ActiveCfg = Release|Any CPU
		{2731FBBC-04B7-469F-BFB9-D8B5B7011D8D}.Release|Any CPU.Build.0 = Release|Any CPU
	EndGlobalSection
	GlobalSection(SolutionProperties) = preSolution
		HideSolutionNode = FALSE
	EndGlobalSection
	GlobalSection(ExtensibilityGlobals) = postSolution
		SolutionGuid = {220101BA-4F7E-4D5F-9A51-154E99B50BDA}
	EndGlobalSection
EndGlobal
